// !$*UTF8*$!
{
	archiveVersion = 1;
	classes = {
	};
	objectVersion = 56;
	objects = {

/* Begin PBXBuildFile section */
		4F65F7382B9E6CCE00323FE4 /* AppDelegate.swift in Sources */ = {isa = PBXBuildFile; fileRef = 4F65F7372B9E6CCE00323FE4 /* AppDelegate.swift */; };
		4F65F73A2B9E6CCE00323FE4 /* SceneDelegate.swift in Sources */ = {isa = PBXBuildFile; fileRef = 4F65F7392B9E6CCE00323FE4 /* SceneDelegate.swift */; };
		4F65F73F2B9E6CCE00323FE4 /* Main.storyboard in Resources */ = {isa = PBXBuildFile; fileRef = 4F65F73D2B9E6CCE00323FE4 /* Main.storyboard */; };
		4F65F7412B9E6CCF00323FE4 /* Assets.xcassets in Resources */ = {isa = PBXBuildFile; fileRef = 4F65F7402B9E6CCF00323FE4 /* Assets.xcassets */; };
		4F65F7442B9E6CCF00323FE4 /* LaunchScreen.storyboard in Resources */ = {isa = PBXBuildFile; fileRef = 4F65F7422B9E6CCF00323FE4 /* LaunchScreen.storyboard */; };
		4F65F74F2B9E6CCF00323FE4 /* WeAreHeroesTests.swift in Sources */ = {isa = PBXBuildFile; fileRef = 4F65F74E2B9E6CCF00323FE4 /* WeAreHeroesTests.swift */; };
		4F65F7592B9E6CCF00323FE4 /* WeAreHeroesUITests.swift in Sources */ = {isa = PBXBuildFile; fileRef = 4F65F7582B9E6CCF00323FE4 /* WeAreHeroesUITests.swift */; };
		4F65F75B2B9E6CCF00323FE4 /* WeAreHeroesUITestsLaunchTests.swift in Sources */ = {isa = PBXBuildFile; fileRef = 4F65F75A2B9E6CCF00323FE4 /* WeAreHeroesUITestsLaunchTests.swift */; };
		4F65F7682B9E6D1000323FE4 /* Poderes.swift in Sources */ = {isa = PBXBuildFile; fileRef = 4F65F7672B9E6D1000323FE4 /* Poderes.swift */; };
		4F65F76B2B9E6D2D00323FE4 /* SuperHeroes.json in Resources */ = {isa = PBXBuildFile; fileRef = 4F65F76A2B9E6D2D00323FE4 /* SuperHeroes.json */; };
		4F65F7742B9E6F3800323FE4 /* SuperHeroes.swift in Sources */ = {isa = PBXBuildFile; fileRef = 4F65F7732B9E6F3800323FE4 /* SuperHeroes.swift */; };
		4F65F7772B9E707B00323FE4 /* JSONProtocol.swift in Sources */ = {isa = PBXBuildFile; fileRef = 4F65F7762B9E707B00323FE4 /* JSONProtocol.swift */; };
		4F65F7792B9E70B400323FE4 /* DataInteractor.swift in Sources */ = {isa = PBXBuildFile; fileRef = 4F65F7782B9E70B400323FE4 /* DataInteractor.swift */; };
		4F65F77B2B9E717F00323FE4 /* SuperHeroesLogic.swift in Sources */ = {isa = PBXBuildFile; fileRef = 4F65F77A2B9E717F00323FE4 /* SuperHeroesLogic.swift */; };
		4F65F77D2B9E733100323FE4 /* SuperHeroesTableViewController.swift in Sources */ = {isa = PBXBuildFile; fileRef = 4F65F77C2B9E733100323FE4 /* SuperHeroesTableViewController.swift */; };
		4FB671112B9F86410086A893 /* SuperHeroeDetailsTableViewController.swift in Sources */ = {isa = PBXBuildFile; fileRef = 4FB671102B9F86410086A893 /* SuperHeroeDetailsTableViewController.swift */; };
		4FB671132B9F8AC30086A893 /* CustomHeroesTableViewCell.swift in Sources */ = {isa = PBXBuildFile; fileRef = 4FB671122B9F8AC30086A893 /* CustomHeroesTableViewCell.swift */; };
		4FB671152B9F90C40086A893 /* CustomHeroeDetailsTableViewCell.swift in Sources */ = {isa = PBXBuildFile; fileRef = 4FB671142B9F90C40086A893 /* CustomHeroeDetailsTableViewCell.swift */; };
/* End PBXBuildFile section */

/* Begin PBXContainerItemProxy section */
		4F65F74B2B9E6CCF00323FE4 /* PBXContainerItemProxy */ = {
			isa = PBXContainerItemProxy;
			containerPortal = 4F65F72C2B9E6CCE00323FE4 /* Project object */;
			proxyType = 1;
			remoteGlobalIDString = 4F65F7332B9E6CCE00323FE4;
			remoteInfo = WeAreHeroes;
		};
		4F65F7552B9E6CCF00323FE4 /* PBXContainerItemProxy */ = {
			isa = PBXContainerItemProxy;
			containerPortal = 4F65F72C2B9E6CCE00323FE4 /* Project object */;
			proxyType = 1;
			remoteGlobalIDString = 4F65F7332B9E6CCE00323FE4;
			remoteInfo = WeAreHeroes;
		};
/* End PBXContainerItemProxy section */

/* Begin PBXFileReference section */
		4F65F7342B9E6CCE00323FE4 /* WeAreHeroes.app */ = {isa = PBXFileReference; explicitFileType = wrapper.application; includeInIndex = 0; path = WeAreHeroes.app; sourceTree = BUILT_PRODUCTS_DIR; };
		4F65F7372B9E6CCE00323FE4 /* AppDelegate.swift */ = {isa = PBXFileReference; lastKnownFileType = sourcecode.swift; path = AppDelegate.swift; sourceTree = "<group>"; };
		4F65F7392B9E6CCE00323FE4 /* SceneDelegate.swift */ = {isa = PBXFileReference; lastKnownFileType = sourcecode.swift; path = SceneDelegate.swift; sourceTree = "<group>"; };
		4F65F73E2B9E6CCE00323FE4 /* Base */ = {isa = PBXFileReference; lastKnownFileType = file.storyboard; name = Base; path = Base.lproj/Main.storyboard; sourceTree = "<group>"; };
		4F65F7402B9E6CCF00323FE4 /* Assets.xcassets */ = {isa = PBXFileReference; lastKnownFileType = folder.assetcatalog; path = Assets.xcassets; sourceTree = "<group>"; };
		4F65F7432B9E6CCF00323FE4 /* Base */ = {isa = PBXFileReference; lastKnownFileType = file.storyboard; name = Base; path = Base.lproj/LaunchScreen.storyboard; sourceTree = "<group>"; };
		4F65F7452B9E6CCF00323FE4 /* Info.plist */ = {isa = PBXFileReference; lastKnownFileType = text.plist.xml; path = Info.plist; sourceTree = "<group>"; };
		4F65F74A2B9E6CCF00323FE4 /* WeAreHeroesTests.xctest */ = {isa = PBXFileReference; explicitFileType = wrapper.cfbundle; includeInIndex = 0; path = WeAreHeroesTests.xctest; sourceTree = BUILT_PRODUCTS_DIR; };
		4F65F74E2B9E6CCF00323FE4 /* WeAreHeroesTests.swift */ = {isa = PBXFileReference; lastKnownFileType = sourcecode.swift; path = WeAreHeroesTests.swift; sourceTree = "<group>"; };
		4F65F7542B9E6CCF00323FE4 /* WeAreHeroesUITests.xctest */ = {isa = PBXFileReference; explicitFileType = wrapper.cfbundle; includeInIndex = 0; path = WeAreHeroesUITests.xctest; sourceTree = BUILT_PRODUCTS_DIR; };
		4F65F7582B9E6CCF00323FE4 /* WeAreHeroesUITests.swift */ = {isa = PBXFileReference; lastKnownFileType = sourcecode.swift; path = WeAreHeroesUITests.swift; sourceTree = "<group>"; };
		4F65F75A2B9E6CCF00323FE4 /* WeAreHeroesUITestsLaunchTests.swift */ = {isa = PBXFileReference; lastKnownFileType = sourcecode.swift; path = WeAreHeroesUITestsLaunchTests.swift; sourceTree = "<group>"; };
		4F65F7672B9E6D1000323FE4 /* Poderes.swift */ = {isa = PBXFileReference; fileEncoding = 4; lastKnownFileType = sourcecode.swift; path = Poderes.swift; sourceTree = "<group>"; };
		4F65F76A2B9E6D2D00323FE4 /* SuperHeroes.json */ = {isa = PBXFileReference; fileEncoding = 4; lastKnownFileType = text.json; path = SuperHeroes.json; sourceTree = "<group>"; };
		4F65F7732B9E6F3800323FE4 /* SuperHeroes.swift */ = {isa = PBXFileReference; lastKnownFileType = sourcecode.swift; path = SuperHeroes.swift; sourceTree = "<group>"; };
		4F65F7762B9E707B00323FE4 /* JSONProtocol.swift */ = {isa = PBXFileReference; lastKnownFileType = sourcecode.swift; path = JSONProtocol.swift; sourceTree = "<group>"; };
		4F65F7782B9E70B400323FE4 /* DataInteractor.swift */ = {isa = PBXFileReference; lastKnownFileType = sourcecode.swift; path = DataInteractor.swift; sourceTree = "<group>"; };
		4F65F77A2B9E717F00323FE4 /* SuperHeroesLogic.swift */ = {isa = PBXFileReference; lastKnownFileType = sourcecode.swift; path = SuperHeroesLogic.swift; sourceTree = "<group>"; };
		4F65F77C2B9E733100323FE4 /* SuperHeroesTableViewController.swift */ = {isa = PBXFileReference; lastKnownFileType = sourcecode.swift; path = SuperHeroesTableViewController.swift; sourceTree = "<group>"; };
		4FB671102B9F86410086A893 /* SuperHeroeDetailsTableViewController.swift */ = {isa = PBXFileReference; lastKnownFileType = sourcecode.swift; path = SuperHeroeDetailsTableViewController.swift; sourceTree = "<group>"; };
		4FB671122B9F8AC30086A893 /* CustomHeroesTableViewCell.swift */ = {isa = PBXFileReference; lastKnownFileType = sourcecode.swift; path = CustomHeroesTableViewCell.swift; sourceTree = "<group>"; };
		4FB671142B9F90C40086A893 /* CustomHeroeDetailsTableViewCell.swift */ = {isa = PBXFileReference; lastKnownFileType = sourcecode.swift; path = CustomHeroeDetailsTableViewCell.swift; sourceTree = "<group>"; };
/* End PBXFileReference section */

/* Begin PBXFrameworksBuildPhase section */
		4F65F7312B9E6CCE00323FE4 /* Frameworks */ = {
			isa = PBXFrameworksBuildPhase;
			buildActionMask = 2147483647;
			files = (
			);
			runOnlyForDeploymentPostprocessing = 0;
		};
		4F65F7472B9E6CCF00323FE4 /* Frameworks */ = {
			isa = PBXFrameworksBuildPhase;
			buildActionMask = 2147483647;
			files = (
			);
			runOnlyForDeploymentPostprocessing = 0;
		};
		4F65F7512B9E6CCF00323FE4 /* Frameworks */ = {
			isa = PBXFrameworksBuildPhase;
			buildActionMask = 2147483647;
			files = (
			);
			runOnlyForDeploymentPostprocessing = 0;
		};
/* End PBXFrameworksBuildPhase section */

/* Begin PBXGroup section */
		4F65F72B2B9E6CCE00323FE4 = {
			isa = PBXGroup;
			children = (
				4F65F7362B9E6CCE00323FE4 /* WeAreHeroes */,
				4F65F74D2B9E6CCF00323FE4 /* WeAreHeroesTests */,
				4F65F7572B9E6CCF00323FE4 /* WeAreHeroesUITests */,
				4F65F7352B9E6CCE00323FE4 /* Products */,
			);
			sourceTree = "<group>";
		};
		4F65F7352B9E6CCE00323FE4 /* Products */ = {
			isa = PBXGroup;
			children = (
				4F65F7342B9E6CCE00323FE4 /* WeAreHeroes.app */,
				4F65F74A2B9E6CCF00323FE4 /* WeAreHeroesTests.xctest */,
				4F65F7542B9E6CCF00323FE4 /* WeAreHeroesUITests.xctest */,
			);
			name = Products;
			sourceTree = "<group>";
		};
		4F65F7362B9E6CCE00323FE4 /* WeAreHeroes */ = {
			isa = PBXGroup;
			children = (
				4F65F7702B9E6E9600323FE4 /* System */,
				4F65F7712B9E6EC600323FE4 /* Views */,
				4F65F76F2B9E6E8500323FE4 /* ViewControllers */,
				4F65F76E2B9E6E7E00323FE4 /* Logic */,
				4F65F76D2B9E6E6F00323FE4 /* Interactor */,
				4F65F76C2B9E6E5E00323FE4 /* Model */,
				4F65F7752B9E706100323FE4 /* Protocols */,
				4F65F7722B9E6EEC00323FE4 /* Commons */,
				4F65F7692B9E6D1C00323FE4 /* Resources */,
				4F65F7402B9E6CCF00323FE4 /* Assets.xcassets */,
			);
			path = WeAreHeroes;
			sourceTree = "<group>";
		};
		4F65F74D2B9E6CCF00323FE4 /* WeAreHeroesTests */ = {
			isa = PBXGroup;
			children = (
				4F65F74E2B9E6CCF00323FE4 /* WeAreHeroesTests.swift */,
			);
			path = WeAreHeroesTests;
			sourceTree = "<group>";
		};
		4F65F7572B9E6CCF00323FE4 /* WeAreHeroesUITests */ = {
			isa = PBXGroup;
			children = (
				4F65F7582B9E6CCF00323FE4 /* WeAreHeroesUITests.swift */,
				4F65F75A2B9E6CCF00323FE4 /* WeAreHeroesUITestsLaunchTests.swift */,
			);
			path = WeAreHeroesUITests;
			sourceTree = "<group>";
		};
		4F65F7692B9E6D1C00323FE4 /* Resources */ = {
			isa = PBXGroup;
			children = (
				4F65F76A2B9E6D2D00323FE4 /* SuperHeroes.json */,
			);
			name = Resources;
			sourceTree = "<group>";
		};
		4F65F76C2B9E6E5E00323FE4 /* Model */ = {
			isa = PBXGroup;
			children = (
				4F65F7732B9E6F3800323FE4 /* SuperHeroes.swift */,
			);
			name = Model;
			sourceTree = "<group>";
		};
		4F65F76D2B9E6E6F00323FE4 /* Interactor */ = {
			isa = PBXGroup;
			children = (
				4F65F7782B9E70B400323FE4 /* DataInteractor.swift */,
			);
			name = Interactor;
			sourceTree = "<group>";
		};
		4F65F76E2B9E6E7E00323FE4 /* Logic */ = {
			isa = PBXGroup;
			children = (
				4F65F77A2B9E717F00323FE4 /* SuperHeroesLogic.swift */,
			);
			name = Logic;
			sourceTree = "<group>";
		};
		4F65F76F2B9E6E8500323FE4 /* ViewControllers */ = {
			isa = PBXGroup;
			children = (
				4FB671162B9F91C60086A893 /* Cell */,
				4F65F77C2B9E733100323FE4 /* SuperHeroesTableViewController.swift */,
				4FB671102B9F86410086A893 /* SuperHeroeDetailsTableViewController.swift */,
			);
			name = ViewControllers;
			sourceTree = "<group>";
		};
		4F65F7702B9E6E9600323FE4 /* System */ = {
			isa = PBXGroup;
			children = (
				4F65F7372B9E6CCE00323FE4 /* AppDelegate.swift */,
				4F65F7392B9E6CCE00323FE4 /* SceneDelegate.swift */,
				4F65F7422B9E6CCF00323FE4 /* LaunchScreen.storyboard */,
				4F65F7452B9E6CCF00323FE4 /* Info.plist */,
			);
			name = System;
			sourceTree = "<group>";
		};
		4F65F7712B9E6EC600323FE4 /* Views */ = {
			isa = PBXGroup;
			children = (
				4F65F73D2B9E6CCE00323FE4 /* Main.storyboard */,
			);
			name = Views;
			sourceTree = "<group>";
		};
		4F65F7722B9E6EEC00323FE4 /* Commons */ = {
			isa = PBXGroup;
			children = (
				4F65F7672B9E6D1000323FE4 /* Poderes.swift */,
			);
			name = Commons;
			sourceTree = "<group>";
		};
		4F65F7752B9E706100323FE4 /* Protocols */ = {
			isa = PBXGroup;
			children = (
				4F65F7762B9E707B00323FE4 /* JSONProtocol.swift */,
			);
			name = Protocols;
			sourceTree = "<group>";
		};
		4FB671162B9F91C60086A893 /* Cell */ = {
			isa = PBXGroup;
			children = (
				4FB671142B9F90C40086A893 /* CustomHeroeDetailsTableViewCell.swift */,
				4FB671122B9F8AC30086A893 /* CustomHeroesTableViewCell.swift */,
			);
			name = Cell;
			sourceTree = "<group>";
		};
/* End PBXGroup section */

/* Begin PBXNativeTarget section */
		4F65F7332B9E6CCE00323FE4 /* WeAreHeroes */ = {
			isa = PBXNativeTarget;
			buildConfigurationList = 4F65F75E2B9E6CCF00323FE4 /* Build configuration list for PBXNativeTarget "WeAreHeroes" */;
			buildPhases = (
				4F65F7302B9E6CCE00323FE4 /* Sources */,
				4F65F7312B9E6CCE00323FE4 /* Frameworks */,
				4F65F7322B9E6CCE00323FE4 /* Resources */,
			);
			buildRules = (
			);
			dependencies = (
			);
			name = WeAreHeroes;
			productName = WeAreHeroes;
			productReference = 4F65F7342B9E6CCE00323FE4 /* WeAreHeroes.app */;
			productType = "com.apple.product-type.application";
		};
		4F65F7492B9E6CCF00323FE4 /* WeAreHeroesTests */ = {
			isa = PBXNativeTarget;
			buildConfigurationList = 4F65F7612B9E6CCF00323FE4 /* Build configuration list for PBXNativeTarget "WeAreHeroesTests" */;
			buildPhases = (
				4F65F7462B9E6CCF00323FE4 /* Sources */,
				4F65F7472B9E6CCF00323FE4 /* Frameworks */,
				4F65F7482B9E6CCF00323FE4 /* Resources */,
			);
			buildRules = (
			);
			dependencies = (
				4F65F74C2B9E6CCF00323FE4 /* PBXTargetDependency */,
			);
			name = WeAreHeroesTests;
			productName = WeAreHeroesTests;
			productReference = 4F65F74A2B9E6CCF00323FE4 /* WeAreHeroesTests.xctest */;
			productType = "com.apple.product-type.bundle.unit-test";
		};
		4F65F7532B9E6CCF00323FE4 /* WeAreHeroesUITests */ = {
			isa = PBXNativeTarget;
			buildConfigurationList = 4F65F7642B9E6CCF00323FE4 /* Build configuration list for PBXNativeTarget "WeAreHeroesUITests" */;
			buildPhases = (
				4F65F7502B9E6CCF00323FE4 /* Sources */,
				4F65F7512B9E6CCF00323FE4 /* Frameworks */,
				4F65F7522B9E6CCF00323FE4 /* Resources */,
			);
			buildRules = (
			);
			dependencies = (
				4F65F7562B9E6CCF00323FE4 /* PBXTargetDependency */,
			);
			name = WeAreHeroesUITests;
			productName = WeAreHeroesUITests;
			productReference = 4F65F7542B9E6CCF00323FE4 /* WeAreHeroesUITests.xctest */;
			productType = "com.apple.product-type.bundle.ui-testing";
		};
/* End PBXNativeTarget section */

/* Begin PBXProject section */
		4F65F72C2B9E6CCE00323FE4 /* Project object */ = {
			isa = PBXProject;
			attributes = {
				BuildIndependentTargetsInParallel = 1;
				LastSwiftUpdateCheck = 1520;
				LastUpgradeCheck = 1520;
				TargetAttributes = {
					4F65F7332B9E6CCE00323FE4 = {
						CreatedOnToolsVersion = 15.2;
					};
					4F65F7492B9E6CCF00323FE4 = {
						CreatedOnToolsVersion = 15.2;
						TestTargetID = 4F65F7332B9E6CCE00323FE4;
					};
					4F65F7532B9E6CCF00323FE4 = {
						CreatedOnToolsVersion = 15.2;
						TestTargetID = 4F65F7332B9E6CCE00323FE4;
					};
				};
			};
			buildConfigurationList = 4F65F72F2B9E6CCE00323FE4 /* Build configuration list for PBXProject "WeAreHeroes" */;
			compatibilityVersion = "Xcode 14.0";
			developmentRegion = en;
			hasScannedForEncodings = 0;
			knownRegions = (
				en,
				Base,
			);
			mainGroup = 4F65F72B2B9E6CCE00323FE4;
			productRefGroup = 4F65F7352B9E6CCE00323FE4 /* Products */;
			projectDirPath = "";
			projectRoot = "";
			targets = (
				4F65F7332B9E6CCE00323FE4 /* WeAreHeroes */,
				4F65F7492B9E6CCF00323FE4 /* WeAreHeroesTests */,
				4F65F7532B9E6CCF00323FE4 /* WeAreHeroesUITests */,
			);
		};
/* End PBXProject section */

/* Begin PBXResourcesBuildPhase section */
		4F65F7322B9E6CCE00323FE4 /* Resources */ = {
			isa = PBXResourcesBuildPhase;
			buildActionMask = 2147483647;
			files = (
				4F65F7442B9E6CCF00323FE4 /* LaunchScreen.storyboard in Resources */,
				4F65F76B2B9E6D2D00323FE4 /* SuperHeroes.json in Resources */,
				4F65F7412B9E6CCF00323FE4 /* Assets.xcassets in Resources */,
				4F65F73F2B9E6CCE00323FE4 /* Main.storyboard in Resources */,
			);
			runOnlyForDeploymentPostprocessing = 0;
		};
		4F65F7482B9E6CCF00323FE4 /* Resources */ = {
			isa = PBXResourcesBuildPhase;
			buildActionMask = 2147483647;
			files = (
			);
			runOnlyForDeploymentPostprocessing = 0;
		};
		4F65F7522B9E6CCF00323FE4 /* Resources */ = {
			isa = PBXResourcesBuildPhase;
			buildActionMask = 2147483647;
			files = (
			);
			runOnlyForDeploymentPostprocessing = 0;
		};
/* End PBXResourcesBuildPhase section */

/* Begin PBXSourcesBuildPhase section */
		4F65F7302B9E6CCE00323FE4 /* Sources */ = {
			isa = PBXSourcesBuildPhase;
			buildActionMask = 2147483647;
			files = (
				4FB671132B9F8AC30086A893 /* CustomHeroesTableViewCell.swift in Sources */,
				4F65F7382B9E6CCE00323FE4 /* AppDelegate.swift in Sources */,
				4F65F7682B9E6D1000323FE4 /* Poderes.swift in Sources */,
				4FB671112B9F86410086A893 /* SuperHeroeDetailsTableViewController.swift in Sources */,
				4F65F7772B9E707B00323FE4 /* JSONProtocol.swift in Sources */,
				4F65F77D2B9E733100323FE4 /* SuperHeroesTableViewController.swift in Sources */,
				4F65F77B2B9E717F00323FE4 /* SuperHeroesLogic.swift in Sources */,
				4F65F7742B9E6F3800323FE4 /* SuperHeroes.swift in Sources */,
				4FB671152B9F90C40086A893 /* CustomHeroeDetailsTableViewCell.swift in Sources */,
				4F65F73A2B9E6CCE00323FE4 /* SceneDelegate.swift in Sources */,
				4F65F7792B9E70B400323FE4 /* DataInteractor.swift in Sources */,
			);
			runOnlyForDeploymentPostprocessing = 0;
		};
		4F65F7462B9E6CCF00323FE4 /* Sources */ = {
			isa = PBXSourcesBuildPhase;
			buildActionMask = 2147483647;
			files = (
				4F65F74F2B9E6CCF00323FE4 /* WeAreHeroesTests.swift in Sources */,
			);
			runOnlyForDeploymentPostprocessing = 0;
		};
		4F65F7502B9E6CCF00323FE4 /* Sources */ = {
			isa = PBXSourcesBuildPhase;
			buildActionMask = 2147483647;
			files = (
				4F65F7592B9E6CCF00323FE4 /* WeAreHeroesUITests.swift in Sources */,
				4F65F75B2B9E6CCF00323FE4 /* WeAreHeroesUITestsLaunchTests.swift in Sources */,
			);
			runOnlyForDeploymentPostprocessing = 0;
		};
/* End PBXSourcesBuildPhase section */

/* Begin PBXTargetDependency section */
		4F65F74C2B9E6CCF00323FE4 /* PBXTargetDependency */ = {
			isa = PBXTargetDependency;
			target = 4F65F7332B9E6CCE00323FE4 /* WeAreHeroes */;
			targetProxy = 4F65F74B2B9E6CCF00323FE4 /* PBXContainerItemProxy */;
		};
		4F65F7562B9E6CCF00323FE4 /* PBXTargetDependency */ = {
			isa = PBXTargetDependency;
			target = 4F65F7332B9E6CCE00323FE4 /* WeAreHeroes */;
			targetProxy = 4F65F7552B9E6CCF00323FE4 /* PBXContainerItemProxy */;
		};
/* End PBXTargetDependency section */

/* Begin PBXVariantGroup section */
		4F65F73D2B9E6CCE00323FE4 /* Main.storyboard */ = {
			isa = PBXVariantGroup;
			children = (
				4F65F73E2B9E6CCE00323FE4 /* Base */,
			);
			name = Main.storyboard;
			sourceTree = "<group>";
		};
		4F65F7422B9E6CCF00323FE4 /* LaunchScreen.storyboard */ = {
			isa = PBXVariantGroup;
			children = (
				4F65F7432B9E6CCF00323FE4 /* Base */,
			);
			name = LaunchScreen.storyboard;
			sourceTree = "<group>";
		};
/* End PBXVariantGroup section */

/* Begin XCBuildConfiguration section */
		4F65F75C2B9E6CCF00323FE4 /* Debug */ = {
			isa = XCBuildConfiguration;
			buildSettings = {
				ALWAYS_SEARCH_USER_PATHS = NO;
				ASSETCATALOG_COMPILER_GENERATE_SWIFT_ASSET_SYMBOL_EXTENSIONS = YES;
				CLANG_ANALYZER_NONNULL = YES;
				CLANG_ANALYZER_NUMBER_OBJECT_CONVERSION = YES_AGGRESSIVE;
				CLANG_CXX_LANGUAGE_STANDARD = "gnu++20";
				CLANG_ENABLE_MODULES = YES;
				CLANG_ENABLE_OBJC_ARC = YES;
				CLANG_ENABLE_OBJC_WEAK = YES;
				CLANG_WARN_BLOCK_CAPTURE_AUTORELEASING = YES;
				CLANG_WARN_BOOL_CONVERSION = YES;
				CLANG_WARN_COMMA = YES;
				CLANG_WARN_CONSTANT_CONVERSION = YES;
				CLANG_WARN_DEPRECATED_OBJC_IMPLEMENTATIONS = YES;
				CLANG_WARN_DIRECT_OBJC_ISA_USAGE = YES_ERROR;
				CLANG_WARN_DOCUMENTATION_COMMENTS = YES;
				CLANG_WARN_EMPTY_BODY = YES;
				CLANG_WARN_ENUM_CONVERSION = YES;
				CLANG_WARN_INFINITE_RECURSION = YES;
				CLANG_WARN_INT_CONVERSION = YES;
				CLANG_WARN_NON_LITERAL_NULL_CONVERSION = YES;
				CLANG_WARN_OBJC_IMPLICIT_RETAIN_SELF = YES;
				CLANG_WARN_OBJC_LITERAL_CONVERSION = YES;
				CLANG_WARN_OBJC_ROOT_CLASS = YES_ERROR;
				CLANG_WARN_QUOTED_INCLUDE_IN_FRAMEWORK_HEADER = YES;
				CLANG_WARN_RANGE_LOOP_ANALYSIS = YES;
				CLANG_WARN_STRICT_PROTOTYPES = YES;
				CLANG_WARN_SUSPICIOUS_MOVE = YES;
				CLANG_WARN_UNGUARDED_AVAILABILITY = YES_AGGRESSIVE;
				CLANG_WARN_UNREACHABLE_CODE = YES;
				CLANG_WARN__DUPLICATE_METHOD_MATCH = YES;
				COPY_PHASE_STRIP = NO;
				DEBUG_INFORMATION_FORMAT = dwarf;
				ENABLE_STRICT_OBJC_MSGSEND = YES;
				ENABLE_TESTABILITY = YES;
				ENABLE_USER_SCRIPT_SANDBOXING = YES;
				GCC_C_LANGUAGE_STANDARD = gnu17;
				GCC_DYNAMIC_NO_PIC = NO;
				GCC_NO_COMMON_BLOCKS = YES;
				GCC_OPTIMIZATION_LEVEL = 0;
				GCC_PREPROCESSOR_DEFINITIONS = (
					"DEBUG=1",
					"$(inherited)",
				);
				GCC_WARN_64_TO_32_BIT_CONVERSION = YES;
				GCC_WARN_ABOUT_RETURN_TYPE = YES_ERROR;
				GCC_WARN_UNDECLARED_SELECTOR = YES;
				GCC_WARN_UNINITIALIZED_AUTOS = YES_AGGRESSIVE;
				GCC_WARN_UNUSED_FUNCTION = YES;
				GCC_WARN_UNUSED_VARIABLE = YES;
				IPHONEOS_DEPLOYMENT_TARGET = 17.2;
				LOCALIZATION_PREFERS_STRING_CATALOGS = YES;
				MTL_ENABLE_DEBUG_INFO = INCLUDE_SOURCE;
				MTL_FAST_MATH = YES;
				ONLY_ACTIVE_ARCH = YES;
				SDKROOT = iphoneos;
				SWIFT_ACTIVE_COMPILATION_CONDITIONS = "DEBUG $(inherited)";
				SWIFT_OPTIMIZATION_LEVEL = "-Onone";
			};
			name = Debug;
		};
		4F65F75D2B9E6CCF00323FE4 /* Release */ = {
			isa = XCBuildConfiguration;
			buildSettings = {
				ALWAYS_SEARCH_USER_PATHS = NO;
				ASSETCATALOG_COMPILER_GENERATE_SWIFT_ASSET_SYMBOL_EXTENSIONS = YES;
				CLANG_ANALYZER_NONNULL = YES;
				CLANG_ANALYZER_NUMBER_OBJECT_CONVERSION = YES_AGGRESSIVE;
				CLANG_CXX_LANGUAGE_STANDARD = "gnu++20";
				CLANG_ENABLE_MODULES = YES;
				CLANG_ENABLE_OBJC_ARC = YES;
				CLANG_ENABLE_OBJC_WEAK = YES;
				CLANG_WARN_BLOCK_CAPTURE_AUTORELEASING = YES;
				CLANG_WARN_BOOL_CONVERSION = YES;
				CLANG_WARN_COMMA = YES;
				CLANG_WARN_CONSTANT_CONVERSION = YES;
				CLANG_WARN_DEPRECATED_OBJC_IMPLEMENTATIONS = YES;
				CLANG_WARN_DIRECT_OBJC_ISA_USAGE = YES_ERROR;
				CLANG_WARN_DOCUMENTATION_COMMENTS = YES;
				CLANG_WARN_EMPTY_BODY = YES;
				CLANG_WARN_ENUM_CONVERSION = YES;
				CLANG_WARN_INFINITE_RECURSION = YES;
				CLANG_WARN_INT_CONVERSION = YES;
				CLANG_WARN_NON_LITERAL_NULL_CONVERSION = YES;
				CLANG_WARN_OBJC_IMPLICIT_RETAIN_SELF = YES;
				CLANG_WARN_OBJC_LITERAL_CONVERSION = YES;
				CLANG_WARN_OBJC_ROOT_CLASS = YES_ERROR;
				CLANG_WARN_QUOTED_INCLUDE_IN_FRAMEWORK_HEADER = YES;
				CLANG_WARN_RANGE_LOOP_ANALYSIS = YES;
				CLANG_WARN_STRICT_PROTOTYPES = YES;
				CLANG_WARN_SUSPICIOUS_MOVE = YES;
				CLANG_WARN_UNGUARDED_AVAILABILITY = YES_AGGRESSIVE;
				CLANG_WARN_UNREACHABLE_CODE = YES;
				CLANG_WARN__DUPLICATE_METHOD_MATCH = YES;
				COPY_PHASE_STRIP = NO;
				DEBUG_INFORMATION_FORMAT = "dwarf-with-dsym";
				ENABLE_NS_ASSERTIONS = NO;
				ENABLE_STRICT_OBJC_MSGSEND = YES;
				ENABLE_USER_SCRIPT_SANDBOXING = YES;
				GCC_C_LANGUAGE_STANDARD = gnu17;
				GCC_NO_COMMON_BLOCKS = YES;
				GCC_WARN_64_TO_32_BIT_CONVERSION = YES;
				GCC_WARN_ABOUT_RETURN_TYPE = YES_ERROR;
				GCC_WARN_UNDECLARED_SELECTOR = YES;
				GCC_WARN_UNINITIALIZED_AUTOS = YES_AGGRESSIVE;
				GCC_WARN_UNUSED_FUNCTION = YES;
				GCC_WARN_UNUSED_VARIABLE = YES;
				IPHONEOS_DEPLOYMENT_TARGET = 17.2;
				LOCALIZATION_PREFERS_STRING_CATALOGS = YES;
				MTL_ENABLE_DEBUG_INFO = NO;
				MTL_FAST_MATH = YES;
				SDKROOT = iphoneos;
				SWIFT_COMPILATION_MODE = wholemodule;
				VALIDATE_PRODUCT = YES;
			};
			name = Release;
		};
		4F65F75F2B9E6CCF00323FE4 /* Debug */ = {
			isa = XCBuildConfiguration;
			buildSettings = {
				ASSETCATALOG_COMPILER_APPICON_NAME = AppIcon;
				ASSETCATALOG_COMPILER_GLOBAL_ACCENT_COLOR_NAME = AccentColor;
				ASSETCATALOG_COMPILER_INCLUDE_ALL_APPICON_ASSETS = NO;
				CODE_SIGN_STYLE = Automatic;
				CURRENT_PROJECT_VERSION = 1;
				DEVELOPMENT_TEAM = 52HR7RVP88;
				GENERATE_INFOPLIST_FILE = YES;
				INFOPLIST_FILE = WeAreHeroes/Info.plist;
				INFOPLIST_KEY_UIApplicationSupportsIndirectInputEvents = YES;
				INFOPLIST_KEY_UILaunchStoryboardName = LaunchScreen;
				INFOPLIST_KEY_UIMainStoryboardFile = Main;
				INFOPLIST_KEY_UISupportedInterfaceOrientations_iPad = "UIInterfaceOrientationPortrait UIInterfaceOrientationPortraitUpsideDown UIInterfaceOrientationLandscapeLeft UIInterfaceOrientationLandscapeRight";
				INFOPLIST_KEY_UISupportedInterfaceOrientations_iPhone = "UIInterfaceOrientationPortrait UIInterfaceOrientationLandscapeLeft UIInterfaceOrientationLandscapeRight";
				IPHONEOS_DEPLOYMENT_TARGET = 17.0;
				LD_RUNPATH_SEARCH_PATHS = (
					"$(inherited)",
					"@executable_path/Frameworks",
				);
				MARKETING_VERSION = 1.0;
				PRODUCT_BUNDLE_IDENTIFIER = com.carlosgonzalez.WeAreHeroes;
				PRODUCT_NAME = "$(TARGET_NAME)";
				SWIFT_EMIT_LOC_STRINGS = YES;
				SWIFT_VERSION = 5.0;
				TARGETED_DEVICE_FAMILY = "1,2";
			};
			name = Debug;
		};
		4F65F7602B9E6CCF00323FE4 /* Release */ = {
			isa = XCBuildConfiguration;
			buildSettings = {
				ASSETCATALOG_COMPILER_APPICON_NAME = AppIcon;
				ASSETCATALOG_COMPILER_GLOBAL_ACCENT_COLOR_NAME = AccentColor;
				ASSETCATALOG_COMPILER_INCLUDE_ALL_APPICON_ASSETS = NO;
				CODE_SIGN_STYLE = Automatic;
				CURRENT_PROJECT_VERSION = 1;
				DEVELOPMENT_TEAM = 52HR7RVP88;
				GENERATE_INFOPLIST_FILE = YES;
				INFOPLIST_FILE = WeAreHeroes/Info.plist;
				INFOPLIST_KEY_UIApplicationSupportsIndirectInputEvents = YES;
				INFOPLIST_KEY_UILaunchStoryboardName = LaunchScreen;
				INFOPLIST_KEY_UIMainStoryboardFile = Main;
				INFOPLIST_KEY_UISupportedInterfaceOrientations_iPad = "UIInterfaceOrientationPortrait UIInterfaceOrientationPortraitUpsideDown UIInterfaceOrientationLandscapeLeft UIInterfaceOrientationLandscapeRight";
				INFOPLIST_KEY_UISupportedInterfaceOrientations_iPhone = "UIInterfaceOrientationPortrait UIInterfaceOrientationLandscapeLeft UIInterfaceOrientationLandscapeRight";
				IPHONEOS_DEPLOYMENT_TARGET = 17.0;
				LD_RUNPATH_SEARCH_PATHS = (
					"$(inherited)",
					"@executable_path/Frameworks",
				);
				MARKETING_VERSION = 1.0;
				PRODUCT_BUNDLE_IDENTIFIER = com.carlosgonzalez.WeAreHeroes;
				PRODUCT_NAME = "$(TARGET_NAME)";
				SWIFT_EMIT_LOC_STRINGS = YES;
				SWIFT_VERSION = 5.0;
				TARGETED_DEVICE_FAMILY = "1,2";
			};
			name = Release;
		};
		4F65F7622B9E6CCF00323FE4 /* Debug */ = {
			isa = XCBuildConfiguration;
			buildSettings = {
				ALWAYS_EMBED_SWIFT_STANDARD_LIBRARIES = YES;
				BUNDLE_LOADER = "$(TEST_HOST)";
				CODE_SIGN_STYLE = Automatic;
				CURRENT_PROJECT_VERSION = 1;
				DEVELOPMENT_TEAM = 52HR7RVP88;
				GENERATE_INFOPLIST_FILE = YES;
				IPHONEOS_DEPLOYMENT_TARGET = 17.2;
				MARKETING_VERSION = 1.0;
				PRODUCT_BUNDLE_IDENTIFIER = com.carlosgonzalez.WeAreHeroesTests;
				PRODUCT_NAME = "$(TARGET_NAME)";
				SWIFT_EMIT_LOC_STRINGS = NO;
				SWIFT_VERSION = 5.0;
				TARGETED_DEVICE_FAMILY = "1,2";
				TEST_HOST = "$(BUILT_PRODUCTS_DIR)/WeAreHeroes.app/$(BUNDLE_EXECUTABLE_FOLDER_PATH)/WeAreHeroes";
			};
			name = Debug;
		};
		4F65F7632B9E6CCF00323FE4 /* Release */ = {
			isa = XCBuildConfiguration;
			buildSettings = {
				ALWAYS_EMBED_SWIFT_STANDARD_LIBRARIES = YES;
				BUNDLE_LOADER = "$(TEST_HOST)";
				CODE_SIGN_STYLE = Automatic;
				CURRENT_PROJECT_VERSION = 1;
				DEVELOPMENT_TEAM = 52HR7RVP88;
				GENERATE_INFOPLIST_FILE = YES;
				IPHONEOS_DEPLOYMENT_TARGET = 17.2;
				MARKETING_VERSION = 1.0;
				PRODUCT_BUNDLE_IDENTIFIER = com.carlosgonzalez.WeAreHeroesTests;
				PRODUCT_NAME = "$(TARGET_NAME)";
				SWIFT_EMIT_LOC_STRINGS = NO;
				SWIFT_VERSION = 5.0;
				TARGETED_DEVICE_FAMILY = "1,2";
				TEST_HOST = "$(BUILT_PRODUCTS_DIR)/WeAreHeroes.app/$(BUNDLE_EXECUTABLE_FOLDER_PATH)/WeAreHeroes";
			};
			name = Release;
		};
		4F65F7652B9E6CCF00323FE4 /* Debug */ = {
			isa = XCBuildConfiguration;
			buildSettings = {
				ALWAYS_EMBED_SWIFT_STANDARD_LIBRARIES = YES;
				CODE_SIGN_STYLE = Automatic;
				CURRENT_PROJECT_VERSION = 1;
				DEVELOPMENT_TEAM = 52HR7RVP88;
				GENERATE_INFOPLIST_FILE = YES;
				MARKETING_VERSION = 1.0;
				PRODUCT_BUNDLE_IDENTIFIER = com.carlosgonzalez.WeAreHeroesUITests;
				PRODUCT_NAME = "$(TARGET_NAME)";
				SWIFT_EMIT_LOC_STRINGS = NO;
				SWIFT_VERSION = 5.0;
				TARGETED_DEVICE_FAMILY = "1,2";
				TEST_TARGET_NAME = WeAreHeroes;
			};
			name = Debug;
		};
		4F65F7662B9E6CCF00323FE4 /* Release */ = {
			isa = XCBuildConfiguration;
			buildSettings = {
				ALWAYS_EMBED_SWIFT_STANDARD_LIBRARIES = YES;
				CODE_SIGN_STYLE = Automatic;
				CURRENT_PROJECT_VERSION = 1;
				DEVELOPMENT_TEAM = 52HR7RVP88;
				GENERATE_INFOPLIST_FILE = YES;
				MARKETING_VERSION = 1.0;
				PRODUCT_BUNDLE_IDENTIFIER = com.carlosgonzalez.WeAreHeroesUITests;
				PRODUCT_NAME = "$(TARGET_NAME)";
				SWIFT_EMIT_LOC_STRINGS = NO;
				SWIFT_VERSION = 5.0;
				TARGETED_DEVICE_FAMILY = "1,2";
				TEST_TARGET_NAME = WeAreHeroes;
			};
			name = Release;
		};
/* End XCBuildConfiguration section */

/* Begin XCConfigurationList section */
		4F65F72F2B9E6CCE00323FE4 /* Build configuration list for PBXProject "WeAreHeroes" */ = {
			isa = XCConfigurationList;
			buildConfigurations = (
				4F65F75C2B9E6CCF00323FE4 /* Debug */,
				4F65F75D2B9E6CCF00323FE4 /* Release */,
			);
			defaultConfigurationIsVisible = 0;
			defaultConfigurationName = Release;
		};
		4F65F75E2B9E6CCF00323FE4 /* Build configuration list for PBXNativeTarget "WeAreHeroes" */ = {
			isa = XCConfigurationList;
			buildConfigurations = (
				4F65F75F2B9E6CCF00323FE4 /* Debug */,
				4F65F7602B9E6CCF00323FE4 /* Release */,
			);
			defaultConfigurationIsVisible = 0;
			defaultConfigurationName = Release;
		};
		4F65F7612B9E6CCF00323FE4 /* Build configuration list for PBXNativeTarget "WeAreHeroesTests" */ = {
			isa = XCConfigurationList;
			buildConfigurations = (
				4F65F7622B9E6CCF00323FE4 /* Debug */,
				4F65F7632B9E6CCF00323FE4 /* Release */,
			);
			defaultConfigurationIsVisible = 0;
			defaultConfigurationName = Release;
		};
		4F65F7642B9E6CCF00323FE4 /* Build configuration list for PBXNativeTarget "WeAreHeroesUITests" */ = {
			isa = XCConfigurationList;
			buildConfigurations = (
				4F65F7652B9E6CCF00323FE4 /* Debug */,
				4F65F7662B9E6CCF00323FE4 /* Release */,
			);
			defaultConfigurationIsVisible = 0;
			defaultConfigurationName = Release;
		};
/* End XCConfigurationList section */
	};
	rootObject = 4F65F72C2B9E6CCE00323FE4 /* Project object */;
}
